// !$*UTF8*$!
{
	archiveVersion = 1;
	classes = {
	};
	objectVersion = 46;
	objects = {

/* Begin PBXBuildFile section */
		22AFCCBA1D11B141007DCA1C /* MKAnnotationView+WebCache.m in Sources */ = {isa = PBXBuildFile; fileRef = 22AFCC9A1D11B141007DCA1C /* MKAnnotationView+WebCache.m */; };
		22AFCCBB1D11B141007DCA1C /* NSData+ImageContentType.m in Sources */ = {isa = PBXBuildFile; fileRef = 22AFCC9C1D11B141007DCA1C /* NSData+ImageContentType.m */; };
		22AFCCBC1D11B141007DCA1C /* SDImageCache.m in Sources */ = {isa = PBXBuildFile; fileRef = 22AFCC9E1D11B141007DCA1C /* SDImageCache.m */; };
		22AFCCBD1D11B141007DCA1C /* SDWebImageCompat.m in Sources */ = {isa = PBXBuildFile; fileRef = 22AFCCA01D11B141007DCA1C /* SDWebImageCompat.m */; };
		22AFCCBE1D11B141007DCA1C /* SDWebImageDecoder.m in Sources */ = {isa = PBXBuildFile; fileRef = 22AFCCA21D11B141007DCA1C /* SDWebImageDecoder.m */; };
		22AFCCBF1D11B141007DCA1C /* SDWebImageDownloader.m in Sources */ = {isa = PBXBuildFile; fileRef = 22AFCCA41D11B141007DCA1C /* SDWebImageDownloader.m */; };
		22AFCCC01D11B141007DCA1C /* SDWebImageDownloaderOperation.m in Sources */ = {isa = PBXBuildFile; fileRef = 22AFCCA61D11B141007DCA1C /* SDWebImageDownloaderOperation.m */; };
		22AFCCC11D11B141007DCA1C /* SDWebImageManager.m in Sources */ = {isa = PBXBuildFile; fileRef = 22AFCCA81D11B141007DCA1C /* SDWebImageManager.m */; };
		22AFCCC21D11B141007DCA1C /* SDWebImagePrefetcher.m in Sources */ = {isa = PBXBuildFile; fileRef = 22AFCCAB1D11B141007DCA1C /* SDWebImagePrefetcher.m */; };
		22AFCCC31D11B141007DCA1C /* UIButton+WebCache.m in Sources */ = {isa = PBXBuildFile; fileRef = 22AFCCAD1D11B141007DCA1C /* UIButton+WebCache.m */; };
		22AFCCC41D11B141007DCA1C /* UIImage+GIF.m in Sources */ = {isa = PBXBuildFile; fileRef = 22AFCCAF1D11B141007DCA1C /* UIImage+GIF.m */; };
		22AFCCC51D11B141007DCA1C /* UIImage+MultiFormat.m in Sources */ = {isa = PBXBuildFile; fileRef = 22AFCCB11D11B141007DCA1C /* UIImage+MultiFormat.m */; };
		22AFCCC61D11B141007DCA1C /* UIImage+WebP.m in Sources */ = {isa = PBXBuildFile; fileRef = 22AFCCB31D11B141007DCA1C /* UIImage+WebP.m */; };
		22AFCCC71D11B141007DCA1C /* UIImageView+HighlightedWebCache.m in Sources */ = {isa = PBXBuildFile; fileRef = 22AFCCB51D11B141007DCA1C /* UIImageView+HighlightedWebCache.m */; };
		22AFCCC81D11B141007DCA1C /* UIImageView+WebCache.m in Sources */ = {isa = PBXBuildFile; fileRef = 22AFCCB71D11B141007DCA1C /* UIImageView+WebCache.m */; };
		22AFCCC91D11B141007DCA1C /* UIView+WebCacheOperation.m in Sources */ = {isa = PBXBuildFile; fileRef = 22AFCCB91D11B141007DCA1C /* UIView+WebCacheOperation.m */; };
		22AFCCCC1D11D66D007DCA1C /* FXJScrollView.m in Sources */ = {isa = PBXBuildFile; fileRef = 22AFCCCB1D11D66D007DCA1C /* FXJScrollView.m */; };
		22DDA3FC1CD31230008F9932 /* 001.jpg in Resources */ = {isa = PBXBuildFile; fileRef = 22DDA3F91CD31230008F9932 /* 001.jpg */; };
		22DDA3FD1CD31230008F9932 /* 002.jpg in Resources */ = {isa = PBXBuildFile; fileRef = 22DDA3FA1CD31230008F9932 /* 002.jpg */; };
		22DDA3FE1CD31230008F9932 /* 003.jpg in Resources */ = {isa = PBXBuildFile; fileRef = 22DDA3FB1CD31230008F9932 /* 003.jpg */; };
		22F98E811CD20AEF003CD62D /* main.m in Sources */ = {isa = PBXBuildFile; fileRef = 22F98E801CD20AEF003CD62D /* main.m */; };
		22F98E841CD20AEF003CD62D /* AppDelegate.m in Sources */ = {isa = PBXBuildFile; fileRef = 22F98E831CD20AEF003CD62D /* AppDelegate.m */; };
		22F98E871CD20AEF003CD62D /* ViewController.m in Sources */ = {isa = PBXBuildFile; fileRef = 22F98E861CD20AEF003CD62D /* ViewController.m */; };
		22F98E8A1CD20AEF003CD62D /* Main.storyboard in Resources */ = {isa = PBXBuildFile; fileRef = 22F98E881CD20AEF003CD62D /* Main.storyboard */; };
		22F98E8C1CD20AEF003CD62D /* Assets.xcassets in Resources */ = {isa = PBXBuildFile; fileRef = 22F98E8B1CD20AEF003CD62D /* Assets.xcassets */; };
		22F98E8F1CD20AEF003CD62D /* LaunchScreen.storyboard in Resources */ = {isa = PBXBuildFile; fileRef = 22F98E8D1CD20AEF003CD62D /* LaunchScreen.storyboard */; };
		22F98E9A1CD20AEF003CD62D /* UIScrollView____Tests.m in Sources */ = {isa = PBXBuildFile; fileRef = 22F98E991CD20AEF003CD62D /* UIScrollView____Tests.m */; };
		22F98EA51CD20AEF003CD62D /* UIScrollView____UITests.m in Sources */ = {isa = PBXBuildFile; fileRef = 22F98EA41CD20AEF003CD62D /* UIScrollView____UITests.m */; };
/* End PBXBuildFile section */

/* Begin PBXContainerItemProxy section */
		22F98E961CD20AEF003CD62D /* PBXContainerItemProxy */ = {
			isa = PBXContainerItemProxy;
			containerPortal = 22F98E741CD20AEF003CD62D /* Project object */;
			proxyType = 1;
			remoteGlobalIDString = 22F98E7B1CD20AEF003CD62D;
			remoteInfo = "UIScrollView无线轮播";
		};
		22F98EA11CD20AEF003CD62D /* PBXContainerItemProxy */ = {
			isa = PBXContainerItemProxy;
			containerPortal = 22F98E741CD20AEF003CD62D /* Project object */;
			proxyType = 1;
			remoteGlobalIDString = 22F98E7B1CD20AEF003CD62D;
			remoteInfo = "UIScrollView无线轮播";
		};
/* End PBXContainerItemProxy section */

/* Begin PBXFileReference section */
		22AFCC991D11B141007DCA1C /* MKAnnotationView+WebCache.h */ = {isa = PBXFileReference; fileEncoding = 4; lastKnownFileType = sourcecode.c.h; path = "MKAnnotationView+WebCache.h"; sourceTree = "<group>"; };
		22AFCC9A1D11B141007DCA1C /* MKAnnotationView+WebCache.m */ = {isa = PBXFileReference; fileEncoding = 4; lastKnownFileType = sourcecode.c.objc; path = "MKAnnotationView+WebCache.m"; sourceTree = "<group>"; };
		22AFCC9B1D11B141007DCA1C /* NSData+ImageContentType.h */ = {isa = PBXFileReference; fileEncoding = 4; lastKnownFileType = sourcecode.c.h; path = "NSData+ImageContentType.h"; sourceTree = "<group>"; };
		22AFCC9C1D11B141007DCA1C /* NSData+ImageContentType.m */ = {isa = PBXFileReference; fileEncoding = 4; lastKnownFileType = sourcecode.c.objc; path = "NSData+ImageContentType.m"; sourceTree = "<group>"; };
		22AFCC9D1D11B141007DCA1C /* SDImageCache.h */ = {isa = PBXFileReference; fileEncoding = 4; lastKnownFileType = sourcecode.c.h; path = SDImageCache.h; sourceTree = "<group>"; };
		22AFCC9E1D11B141007DCA1C /* SDImageCache.m */ = {isa = PBXFileReference; fileEncoding = 4; lastKnownFileType = sourcecode.c.objc; path = SDImageCache.m; sourceTree = "<group>"; };
		22AFCC9F1D11B141007DCA1C /* SDWebImageCompat.h */ = {isa = PBXFileReference; fileEncoding = 4; lastKnownFileType = sourcecode.c.h; path = SDWebImageCompat.h; sourceTree = "<group>"; };
		22AFCCA01D11B141007DCA1C /* SDWebImageCompat.m */ = {isa = PBXFileReference; fileEncoding = 4; lastKnownFileType = sourcecode.c.objc; path = SDWebImageCompat.m; sourceTree = "<group>"; };
		22AFCCA11D11B141007DCA1C /* SDWebImageDecoder.h */ = {isa = PBXFileReference; fileEncoding = 4; lastKnownFileType = sourcecode.c.h; path = SDWebImageDecoder.h; sourceTree = "<group>"; };
		22AFCCA21D11B141007DCA1C /* SDWebImageDecoder.m */ = {isa = PBXFileReference; fileEncoding = 4; lastKnownFileType = sourcecode.c.objc; path = SDWebImageDecoder.m; sourceTree = "<group>"; };
		22AFCCA31D11B141007DCA1C /* SDWebImageDownloader.h */ = {isa = PBXFileReference; fileEncoding = 4; lastKnownFileType = sourcecode.c.h; path = SDWebImageDownloader.h; sourceTree = "<group>"; };
		22AFCCA41D11B141007DCA1C /* SDWebImageDownloader.m */ = {isa = PBXFileReference; fileEncoding = 4; lastKnownFileType = sourcecode.c.objc; path = SDWebImageDownloader.m; sourceTree = "<group>"; };
		22AFCCA51D11B141007DCA1C /* SDWebImageDownloaderOperation.h */ = {isa = PBXFileReference; fileEncoding = 4; lastKnownFileType = sourcecode.c.h; path = SDWebImageDownloaderOperation.h; sourceTree = "<group>"; };
		22AFCCA61D11B141007DCA1C /* SDWebImageDownloaderOperation.m */ = {isa = PBXFileReference; fileEncoding = 4; lastKnownFileType = sourcecode.c.objc; path = SDWebImageDownloaderOperation.m; sourceTree = "<group>"; };
		22AFCCA71D11B141007DCA1C /* SDWebImageManager.h */ = {isa = PBXFileReference; fileEncoding = 4; lastKnownFileType = sourcecode.c.h; path = SDWebImageManager.h; sourceTree = "<group>"; };
		22AFCCA81D11B141007DCA1C /* SDWebImageManager.m */ = {isa = PBXFileReference; fileEncoding = 4; lastKnownFileType = sourcecode.c.objc; path = SDWebImageManager.m; sourceTree = "<group>"; };
		22AFCCA91D11B141007DCA1C /* SDWebImageOperation.h */ = {isa = PBXFileReference; fileEncoding = 4; lastKnownFileType = sourcecode.c.h; path = SDWebImageOperation.h; sourceTree = "<group>"; };
		22AFCCAA1D11B141007DCA1C /* SDWebImagePrefetcher.h */ = {isa = PBXFileReference; fileEncoding = 4; lastKnownFileType = sourcecode.c.h; path = SDWebImagePrefetcher.h; sourceTree = "<group>"; };
		22AFCCAB1D11B141007DCA1C /* SDWebImagePrefetcher.m */ = {isa = PBXFileReference; fileEncoding = 4; lastKnownFileType = sourcecode.c.objc; path = SDWebImagePrefetcher.m; sourceTree = "<group>"; };
		22AFCCAC1D11B141007DCA1C /* UIButton+WebCache.h */ = {isa = PBXFileReference; fileEncoding = 4; lastKnownFileType = sourcecode.c.h; path = "UIButton+WebCache.h"; sourceTree = "<group>"; };
		22AFCCAD1D11B141007DCA1C /* UIButton+WebCache.m */ = {isa = PBXFileReference; fileEncoding = 4; lastKnownFileType = sourcecode.c.objc; path = "UIButton+WebCache.m"; sourceTree = "<group>"; };
		22AFCCAE1D11B141007DCA1C /* UIImage+GIF.h */ = {isa = PBXFileReference; fileEncoding = 4; lastKnownFileType = sourcecode.c.h; path = "UIImage+GIF.h"; sourceTree = "<group>"; };
		22AFCCAF1D11B141007DCA1C /* UIImage+GIF.m */ = {isa = PBXFileReference; fileEncoding = 4; lastKnownFileType = sourcecode.c.objc; path = "UIImage+GIF.m"; sourceTree = "<group>"; };
		22AFCCB01D11B141007DCA1C /* UIImage+MultiFormat.h */ = {isa = PBXFileReference; fileEncoding = 4; lastKnownFileType = sourcecode.c.h; path = "UIImage+MultiFormat.h"; sourceTree = "<group>"; };
		22AFCCB11D11B141007DCA1C /* UIImage+MultiFormat.m */ = {isa = PBXFileReference; fileEncoding = 4; lastKnownFileType = sourcecode.c.objc; path = "UIImage+MultiFormat.m"; sourceTree = "<group>"; };
		22AFCCB21D11B141007DCA1C /* UIImage+WebP.h */ = {isa = PBXFileReference; fileEncoding = 4; lastKnownFileType = sourcecode.c.h; path = "UIImage+WebP.h"; sourceTree = "<group>"; };
		22AFCCB31D11B141007DCA1C /* UIImage+WebP.m */ = {isa = PBXFileReference; fileEncoding = 4; lastKnownFileType = sourcecode.c.objc; path = "UIImage+WebP.m"; sourceTree = "<group>"; };
		22AFCCB41D11B141007DCA1C /* UIImageView+HighlightedWebCache.h */ = {isa = PBXFileReference; fileEncoding = 4; lastKnownFileType = sourcecode.c.h; path = "UIImageView+HighlightedWebCache.h"; sourceTree = "<group>"; };
		22AFCCB51D11B141007DCA1C /* UIImageView+HighlightedWebCache.m */ = {isa = PBXFileReference; fileEncoding = 4; lastKnownFileType = sourcecode.c.objc; path = "UIImageView+HighlightedWebCache.m"; sourceTree = "<group>"; };
		22AFCCB61D11B141007DCA1C /* UIImageView+WebCache.h */ = {isa = PBXFileReference; fileEncoding = 4; lastKnownFileType = sourcecode.c.h; path = "UIImageView+WebCache.h"; sourceTree = "<group>"; };
		22AFCCB71D11B141007DCA1C /* UIImageView+WebCache.m */ = {isa = PBXFileReference; fileEncoding = 4; lastKnownFileType = sourcecode.c.objc; path = "UIImageView+WebCache.m"; sourceTree = "<group>"; };
		22AFCCB81D11B141007DCA1C /* UIView+WebCacheOperation.h */ = {isa = PBXFileReference; fileEncoding = 4; lastKnownFileType = sourcecode.c.h; path = "UIView+WebCacheOperation.h"; sourceTree = "<group>"; };
		22AFCCB91D11B141007DCA1C /* UIView+WebCacheOperation.m */ = {isa = PBXFileReference; fileEncoding = 4; lastKnownFileType = sourcecode.c.objc; path = "UIView+WebCacheOperation.m"; sourceTree = "<group>"; };
		22AFCCCA1D11D66D007DCA1C /* FXJScrollView.h */ = {isa = PBXFileReference; fileEncoding = 4; lastKnownFileType = sourcecode.c.h; path = FXJScrollView.h; sourceTree = "<group>"; };
		22AFCCCB1D11D66D007DCA1C /* FXJScrollView.m */ = {isa = PBXFileReference; fileEncoding = 4; lastKnownFileType = sourcecode.c.objc; path = FXJScrollView.m; sourceTree = "<group>"; };
		22DDA3F91CD31230008F9932 /* 001.jpg */ = {isa = PBXFileReference; lastKnownFileType = image.jpeg; path = 001.jpg; sourceTree = "<group>"; };
		22DDA3FA1CD31230008F9932 /* 002.jpg */ = {isa = PBXFileReference; lastKnownFileType = image.jpeg; path = 002.jpg; sourceTree = "<group>"; };
		22DDA3FB1CD31230008F9932 /* 003.jpg */ = {isa = PBXFileReference; lastKnownFileType = image.jpeg; path = 003.jpg; sourceTree = "<group>"; };
		22F98E7C1CD20AEF003CD62D /* UIScrollView无线轮播.app */ = {isa = PBXFileReference; explicitFileType = wrapper.application; includeInIndex = 0; path = "UIScrollView无线轮播.app"; sourceTree = BUILT_PRODUCTS_DIR; };
		22F98E801CD20AEF003CD62D /* main.m */ = {isa = PBXFileReference; lastKnownFileType = sourcecode.c.objc; path = main.m; sourceTree = "<group>"; };
		22F98E821CD20AEF003CD62D /* AppDelegate.h */ = {isa = PBXFileReference; lastKnownFileType = sourcecode.c.h; path = AppDelegate.h; sourceTree = "<group>"; };
		22F98E831CD20AEF003CD62D /* AppDelegate.m */ = {isa = PBXFileReference; lastKnownFileType = sourcecode.c.objc; path = AppDelegate.m; sourceTree = "<group>"; };
		22F98E851CD20AEF003CD62D /* ViewController.h */ = {isa = PBXFileReference; lastKnownFileType = sourcecode.c.h; path = ViewController.h; sourceTree = "<group>"; };
		22F98E861CD20AEF003CD62D /* ViewController.m */ = {isa = PBXFileReference; lastKnownFileType = sourcecode.c.objc; path = ViewController.m; sourceTree = "<group>"; };
		22F98E891CD20AEF003CD62D /* Base */ = {isa = PBXFileReference; lastKnownFileType = file.storyboard; name = Base; path = Base.lproj/Main.storyboard; sourceTree = "<group>"; };
		22F98E8B1CD20AEF003CD62D /* Assets.xcassets */ = {isa = PBXFileReference; lastKnownFileType = folder.assetcatalog; path = Assets.xcassets; sourceTree = "<group>"; };
		22F98E8E1CD20AEF003CD62D /* Base */ = {isa = PBXFileReference; lastKnownFileType = file.storyboard; name = Base; path = Base.lproj/LaunchScreen.storyboard; sourceTree = "<group>"; };
		22F98E901CD20AEF003CD62D /* Info.plist */ = {isa = PBXFileReference; lastKnownFileType = text.plist.xml; path = Info.plist; sourceTree = "<group>"; };
		22F98E951CD20AEF003CD62D /* UIScrollView无线轮播Tests.xctest */ = {isa = PBXFileReference; explicitFileType = wrapper.cfbundle; includeInIndex = 0; path = "UIScrollView无线轮播Tests.xctest"; sourceTree = BUILT_PRODUCTS_DIR; };
		22F98E991CD20AEF003CD62D /* UIScrollView____Tests.m */ = {isa = PBXFileReference; lastKnownFileType = sourcecode.c.objc; path = "UIScrollView____Tests.m"; sourceTree = "<group>"; };
		22F98E9B1CD20AEF003CD62D /* Info.plist */ = {isa = PBXFileReference; lastKnownFileType = text.plist.xml; path = Info.plist; sourceTree = "<group>"; };
		22F98EA01CD20AEF003CD62D /* UIScrollView无线轮播UITests.xctest */ = {isa = PBXFileReference; explicitFileType = wrapper.cfbundle; includeInIndex = 0; path = "UIScrollView无线轮播UITests.xctest"; sourceTree = BUILT_PRODUCTS_DIR; };
		22F98EA41CD20AEF003CD62D /* UIScrollView____UITests.m */ = {isa = PBXFileReference; lastKnownFileType = sourcecode.c.objc; path = "UIScrollView____UITests.m"; sourceTree = "<group>"; };
		22F98EA61CD20AEF003CD62D /* Info.plist */ = {isa = PBXFileReference; lastKnownFileType = text.plist.xml; path = Info.plist; sourceTree = "<group>"; };
/* End PBXFileReference section */

/* Begin PBXFrameworksBuildPhase section */
		22F98E791CD20AEF003CD62D /* Frameworks */ = {
			isa = PBXFrameworksBuildPhase;
			buildActionMask = 2147483647;
			files = (
			);
			runOnlyForDeploymentPostprocessing = 0;
		};
		22F98E921CD20AEF003CD62D /* Frameworks */ = {
			isa = PBXFrameworksBuildPhase;
			buildActionMask = 2147483647;
			files = (
			);
			runOnlyForDeploymentPostprocessing = 0;
		};
		22F98E9D1CD20AEF003CD62D /* Frameworks */ = {
			isa = PBXFrameworksBuildPhase;
			buildActionMask = 2147483647;
			files = (
			);
			runOnlyForDeploymentPostprocessing = 0;
		};
/* End PBXFrameworksBuildPhase section */

/* Begin PBXGroup section */
		22AFCC981D11B141007DCA1C /* SDWebImage */ = {
			isa = PBXGroup;
			children = (
				22AFCC991D11B141007DCA1C /* MKAnnotationView+WebCache.h */,
				22AFCC9A1D11B141007DCA1C /* MKAnnotationView+WebCache.m */,
				22AFCC9B1D11B141007DCA1C /* NSData+ImageContentType.h */,
				22AFCC9C1D11B141007DCA1C /* NSData+ImageContentType.m */,
				22AFCC9D1D11B141007DCA1C /* SDImageCache.h */,
				22AFCC9E1D11B141007DCA1C /* SDImageCache.m */,
				22AFCC9F1D11B141007DCA1C /* SDWebImageCompat.h */,
				22AFCCA01D11B141007DCA1C /* SDWebImageCompat.m */,
				22AFCCA11D11B141007DCA1C /* SDWebImageDecoder.h */,
				22AFCCA21D11B141007DCA1C /* SDWebImageDecoder.m */,
				22AFCCA31D11B141007DCA1C /* SDWebImageDownloader.h */,
				22AFCCA41D11B141007DCA1C /* SDWebImageDownloader.m */,
				22AFCCA51D11B141007DCA1C /* SDWebImageDownloaderOperation.h */,
				22AFCCA61D11B141007DCA1C /* SDWebImageDownloaderOperation.m */,
				22AFCCA71D11B141007DCA1C /* SDWebImageManager.h */,
				22AFCCA81D11B141007DCA1C /* SDWebImageManager.m */,
				22AFCCA91D11B141007DCA1C /* SDWebImageOperation.h */,
				22AFCCAA1D11B141007DCA1C /* SDWebImagePrefetcher.h */,
				22AFCCAB1D11B141007DCA1C /* SDWebImagePrefetcher.m */,
				22AFCCAC1D11B141007DCA1C /* UIButton+WebCache.h */,
				22AFCCAD1D11B141007DCA1C /* UIButton+WebCache.m */,
				22AFCCAE1D11B141007DCA1C /* UIImage+GIF.h */,
				22AFCCAF1D11B141007DCA1C /* UIImage+GIF.m */,
				22AFCCB01D11B141007DCA1C /* UIImage+MultiFormat.h */,
				22AFCCB11D11B141007DCA1C /* UIImage+MultiFormat.m */,
				22AFCCB21D11B141007DCA1C /* UIImage+WebP.h */,
				22AFCCB31D11B141007DCA1C /* UIImage+WebP.m */,
				22AFCCB41D11B141007DCA1C /* UIImageView+HighlightedWebCache.h */,
				22AFCCB51D11B141007DCA1C /* UIImageView+HighlightedWebCache.m */,
				22AFCCB61D11B141007DCA1C /* UIImageView+WebCache.h */,
				22AFCCB71D11B141007DCA1C /* UIImageView+WebCache.m */,
				22AFCCB81D11B141007DCA1C /* UIView+WebCacheOperation.h */,
				22AFCCB91D11B141007DCA1C /* UIView+WebCacheOperation.m */,
			);
			path = SDWebImage;
			sourceTree = "<group>";
		};
		22F98E731CD20AEF003CD62D = {
			isa = PBXGroup;
			children = (
				22F98E7E1CD20AEF003CD62D /* UIScrollView无线轮播 */,
				22F98E981CD20AEF003CD62D /* UIScrollView无线轮播Tests */,
				22F98EA31CD20AEF003CD62D /* UIScrollView无线轮播UITests */,
				22F98E7D1CD20AEF003CD62D /* Products */,
			);
			sourceTree = "<group>";
		};
		22F98E7D1CD20AEF003CD62D /* Products */ = {
			isa = PBXGroup;
			children = (
				22F98E7C1CD20AEF003CD62D /* UIScrollView无线轮播.app */,
				22F98E951CD20AEF003CD62D /* UIScrollView无线轮播Tests.xctest */,
				22F98EA01CD20AEF003CD62D /* UIScrollView无线轮播UITests.xctest */,
			);
			name = Products;
			sourceTree = "<group>";
		};
		22F98E7E1CD20AEF003CD62D /* UIScrollView无线轮播 */ = {
			isa = PBXGroup;
			children = (
				22AFCC981D11B141007DCA1C /* SDWebImage */,
				22DDA3F91CD31230008F9932 /* 001.jpg */,
				22DDA3FA1CD31230008F9932 /* 002.jpg */,
				22DDA3FB1CD31230008F9932 /* 003.jpg */,
				22F98E821CD20AEF003CD62D /* AppDelegate.h */,
				22F98E831CD20AEF003CD62D /* AppDelegate.m */,
				22F98E851CD20AEF003CD62D /* ViewController.h */,
				22F98E861CD20AEF003CD62D /* ViewController.m */,
				22AFCCCA1D11D66D007DCA1C /* FXJScrollView.h */,
				22AFCCCB1D11D66D007DCA1C /* FXJScrollView.m */,
				22F98E881CD20AEF003CD62D /* Main.storyboard */,
				22F98E8B1CD20AEF003CD62D /* Assets.xcassets */,
				22F98E8D1CD20AEF003CD62D /* LaunchScreen.storyboard */,
				22F98E901CD20AEF003CD62D /* Info.plist */,
				22F98E7F1CD20AEF003CD62D /* Supporting Files */,
			);
			path = "UIScrollView无线轮播";
			sourceTree = "<group>";
		};
		22F98E7F1CD20AEF003CD62D /* Supporting Files */ = {
			isa = PBXGroup;
			children = (
				22F98E801CD20AEF003CD62D /* main.m */,
			);
			name = "Supporting Files";
			sourceTree = "<group>";
		};
		22F98E981CD20AEF003CD62D /* UIScrollView无线轮播Tests */ = {
			isa = PBXGroup;
			children = (
				22F98E991CD20AEF003CD62D /* UIScrollView____Tests.m */,
				22F98E9B1CD20AEF003CD62D /* Info.plist */,
			);
			path = "UIScrollView无线轮播Tests";
			sourceTree = "<group>";
		};
		22F98EA31CD20AEF003CD62D /* UIScrollView无线轮播UITests */ = {
			isa = PBXGroup;
			children = (
				22F98EA41CD20AEF003CD62D /* UIScrollView____UITests.m */,
				22F98EA61CD20AEF003CD62D /* Info.plist */,
			);
			path = "UIScrollView无线轮播UITests";
			sourceTree = "<group>";
		};
/* End PBXGroup section */

/* Begin PBXNativeTarget section */
		22F98E7B1CD20AEF003CD62D /* UIScrollView无线轮播 */ = {
			isa = PBXNativeTarget;
			buildConfigurationList = 22F98EA91CD20AEF003CD62D /* Build configuration list for PBXNativeTarget "UIScrollView无线轮播" */;
			buildPhases = (
				22F98E781CD20AEF003CD62D /* Sources */,
				22F98E791CD20AEF003CD62D /* Frameworks */,
				22F98E7A1CD20AEF003CD62D /* Resources */,
			);
			buildRules = (
			);
			dependencies = (
			);
			name = "UIScrollView无线轮播";
			productName = "UIScrollView无线轮播";
			productReference = 22F98E7C1CD20AEF003CD62D /* UIScrollView无线轮播.app */;
			productType = "com.apple.product-type.application";
		};
		22F98E941CD20AEF003CD62D /* UIScrollView无线轮播Tests */ = {
			isa = PBXNativeTarget;
			buildConfigurationList = 22F98EAC1CD20AEF003CD62D /* Build configuration list for PBXNativeTarget "UIScrollView无线轮播Tests" */;
			buildPhases = (
				22F98E911CD20AEF003CD62D /* Sources */,
				22F98E921CD20AEF003CD62D /* Frameworks */,
				22F98E931CD20AEF003CD62D /* Resources */,
			);
			buildRules = (
			);
			dependencies = (
				22F98E971CD20AEF003CD62D /* PBXTargetDependency */,
			);
			name = "UIScrollView无线轮播Tests";
			productName = "UIScrollView无线轮播Tests";
			productReference = 22F98E951CD20AEF003CD62D /* UIScrollView无线轮播Tests.xctest */;
			productType = "com.apple.product-type.bundle.unit-test";
		};
		22F98E9F1CD20AEF003CD62D /* UIScrollView无线轮播UITests */ = {
			isa = PBXNativeTarget;
			buildConfigurationList = 22F98EAF1CD20AEF003CD62D /* Build configuration list for PBXNativeTarget "UIScrollView无线轮播UITests" */;
			buildPhases = (
				22F98E9C1CD20AEF003CD62D /* Sources */,
				22F98E9D1CD20AEF003CD62D /* Frameworks */,
				22F98E9E1CD20AEF003CD62D /* Resources */,
			);
			buildRules = (
			);
			dependencies = (
				22F98EA21CD20AEF003CD62D /* PBXTargetDependency */,
			);
			name = "UIScrollView无线轮播UITests";
			productName = "UIScrollView无线轮播UITests";
			productReference = 22F98EA01CD20AEF003CD62D /* UIScrollView无线轮播UITests.xctest */;
			productType = "com.apple.product-type.bundle.ui-testing";
		};
/* End PBXNativeTarget section */

/* Begin PBXProject section */
		22F98E741CD20AEF003CD62D /* Project object */ = {
			isa = PBXProject;
			attributes = {
				LastUpgradeCheck = 0730;
				ORGANIZATIONNAME = LSH;
				TargetAttributes = {
					22F98E7B1CD20AEF003CD62D = {
						CreatedOnToolsVersion = 7.3;
						DevelopmentTeam = VB33PF797Z;
					};
					22F98E941CD20AEF003CD62D = {
						CreatedOnToolsVersion = 7.3;
						DevelopmentTeam = VB33PF797Z;
						TestTargetID = 22F98E7B1CD20AEF003CD62D;
					};
					22F98E9F1CD20AEF003CD62D = {
						CreatedOnToolsVersion = 7.3;
						DevelopmentTeam = VB33PF797Z;
						TestTargetID = 22F98E7B1CD20AEF003CD62D;
					};
				};
			};
			buildConfigurationList = 22F98E771CD20AEF003CD62D /* Build configuration list for PBXProject "UIScrollView无线轮播" */;
			compatibilityVersion = "Xcode 3.2";
			developmentRegion = English;
			hasScannedForEncodings = 0;
			knownRegions = (
				en,
				Base,
			);
			mainGroup = 22F98E731CD20AEF003CD62D;
			productRefGroup = 22F98E7D1CD20AEF003CD62D /* Products */;
			projectDirPath = "";
			projectRoot = "";
			targets = (
				22F98E7B1CD20AEF003CD62D /* UIScrollView无线轮播 */,
				22F98E941CD20AEF003CD62D /* UIScrollView无线轮播Tests */,
				22F98E9F1CD20AEF003CD62D /* UIScrollView无线轮播UITests */,
			);
		};
/* End PBXProject section */

/* Begin PBXResourcesBuildPhase section */
		22F98E7A1CD20AEF003CD62D /* Resources */ = {
			isa = PBXResourcesBuildPhase;
			buildActionMask = 2147483647;
			files = (
				22F98E8F1CD20AEF003CD62D /* LaunchScreen.storyboard in Resources */,
				22F98E8C1CD20AEF003CD62D /* Assets.xcassets in Resources */,
				22F98E8A1CD20AEF003CD62D /* Main.storyboard in Resources */,
				22DDA3FE1CD31230008F9932 /* 003.jpg in Resources */,
				22DDA3FD1CD31230008F9932 /* 002.jpg in Resources */,
				22DDA3FC1CD31230008F9932 /* 001.jpg in Resources */,
			);
			runOnlyForDeploymentPostprocessing = 0;
		};
		22F98E931CD20AEF003CD62D /* Resources */ = {
			isa = PBXResourcesBuildPhase;
			buildActionMask = 2147483647;
			files = (
			);
			runOnlyForDeploymentPostprocessing = 0;
		};
		22F98E9E1CD20AEF003CD62D /* Resources */ = {
			isa = PBXResourcesBuildPhase;
			buildActionMask = 2147483647;
			files = (
			);
			runOnlyForDeploymentPostprocessing = 0;
		};
/* End PBXResourcesBuildPhase section */

/* Begin PBXSourcesBuildPhase section */
		22F98E781CD20AEF003CD62D /* Sources */ = {
			isa = PBXSourcesBuildPhase;
			buildActionMask = 2147483647;
			files = (
				22AFCCC71D11B141007DCA1C /* UIImageView+HighlightedWebCache.m in Sources */,
				22AFCCBB1D11B141007DCA1C /* NSData+ImageContentType.m in Sources */,
				22AFCCC11D11B141007DCA1C /* SDWebImageManager.m in Sources */,
				22AFCCBF1D11B141007DCA1C /* SDWebImageDownloader.m in Sources */,
				22AFCCC61D11B141007DCA1C /* UIImage+WebP.m in Sources */,
				22AFCCC91D11B141007DCA1C /* UIView+WebCacheOperation.m in Sources */,
				22AFCCBC1D11B141007DCA1C /* SDImageCache.m in Sources */,
				22F98E871CD20AEF003CD62D /* ViewController.m in Sources */,
				22AFCCBA1D11B141007DCA1C /* MKAnnotationView+WebCache.m in Sources */,
				22AFCCBE1D11B141007DCA1C /* SDWebImageDecoder.m in Sources */,
				22AFCCC51D11B141007DCA1C /* UIImage+MultiFormat.m in Sources */,
				22AFCCC01D11B141007DCA1C /* SDWebImageDownloaderOperation.m in Sources */,
				22AFCCCC1D11D66D007DCA1C /* FXJScrollView.m in Sources */,
				22F98E841CD20AEF003CD62D /* AppDelegate.m in Sources */,
				22AFCCC31D11B141007DCA1C /* UIButton+WebCache.m in Sources */,
				22AFCCC21D11B141007DCA1C /* SDWebImagePrefetcher.m in Sources */,
				22AFCCC81D11B141007DCA1C /* UIImageView+WebCache.m in Sources */,
				22AFCCBD1D11B141007DCA1C /* SDWebImageCompat.m in Sources */,
				22AFCCC41D11B141007DCA1C /* UIImage+GIF.m in Sources */,
				22F98E811CD20AEF003CD62D /* main.m in Sources */,
			);
			runOnlyForDeploymentPostprocessing = 0;
		};
		22F98E911CD20AEF003CD62D /* Sources */ = {
			isa = PBXSourcesBuildPhase;
			buildActionMask = 2147483647;
			files = (
				22F98E9A1CD20AEF003CD62D /* UIScrollView____Tests.m in Sources */,
			);
			runOnlyForDeploymentPostprocessing = 0;
		};
		22F98E9C1CD20AEF003CD62D /* Sources */ = {
			isa = PBXSourcesBuildPhase;
			buildActionMask = 2147483647;
			files = (
				22F98EA51CD20AEF003CD62D /* UIScrollView____UITests.m in Sources */,
			);
			runOnlyForDeploymentPostprocessing = 0;
		};
/* End PBXSourcesBuildPhase section */

/* Begin PBXTargetDependency section */
		22F98E971CD20AEF003CD62D /* PBXTargetDependency */ = {
			isa = PBXTargetDependency;
			target = 22F98E7B1CD20AEF003CD62D /* UIScrollView无线轮播 */;
			targetProxy = 22F98E961CD20AEF003CD62D /* PBXContainerItemProxy */;
		};
		22F98EA21CD20AEF003CD62D /* PBXTargetDependency */ = {
			isa = PBXTargetDependency;
			target = 22F98E7B1CD20AEF003CD62D /* UIScrollView无线轮播 */;
			targetProxy = 22F98EA11CD20AEF003CD62D /* PBXContainerItemProxy */;
		};
/* End PBXTargetDependency section */

/* Begin PBXVariantGroup section */
		22F98E881CD20AEF003CD62D /* Main.storyboard */ = {
			isa = PBXVariantGroup;
			children = (
				22F98E891CD20AEF003CD62D /* Base */,
			);
			name = Main.storyboard;
			sourceTree = "<group>";
		};
		22F98E8D1CD20AEF003CD62D /* LaunchScreen.storyboard */ = {
			isa = PBXVariantGroup;
			children = (
				22F98E8E1CD20AEF003CD62D /* Base */,
			);
			name = LaunchScreen.storyboard;
			sourceTree = "<group>";
		};
/* End PBXVariantGroup section */

/* Begin XCBuildConfiguration section */
		22F98EA71CD20AEF003CD62D /* Debug */ = {
			isa = XCBuildConfiguration;
			buildSettings = {
				ALWAYS_SEARCH_USER_PATHS = NO;
				CLANG_ANALYZER_NONNULL = YES;
				CLANG_CXX_LANGUAGE_STANDARD = "gnu++0x";
				CLANG_CXX_LIBRARY = "libc++";
				CLANG_ENABLE_MODULES = YES;
				CLANG_ENABLE_OBJC_ARC = YES;
				CLANG_WARN_BOOL_CONVERSION = YES;
				CLANG_WARN_CONSTANT_CONVERSION = YES;
				CLANG_WARN_DIRECT_OBJC_ISA_USAGE = YES_ERROR;
				CLANG_WARN_EMPTY_BODY = YES;
				CLANG_WARN_ENUM_CONVERSION = YES;
				CLANG_WARN_INT_CONVERSION = YES;
				CLANG_WARN_OBJC_ROOT_CLASS = YES_ERROR;
				CLANG_WARN_UNREACHABLE_CODE = YES;
				CLANG_WARN__DUPLICATE_METHOD_MATCH = YES;
				"CODE_SIGN_IDENTITY[sdk=iphoneos*]" = "iPhone Developer";
				COPY_PHASE_STRIP = NO;
				DEBUG_INFORMATION_FORMAT = dwarf;
				ENABLE_STRICT_OBJC_MSGSEND = YES;
				ENABLE_TESTABILITY = YES;
				GCC_C_LANGUAGE_STANDARD = gnu99;
				GCC_DYNAMIC_NO_PIC = NO;
				GCC_NO_COMMON_BLOCKS = YES;
				GCC_OPTIMIZATION_LEVEL = 0;
				GCC_PREPROCESSOR_DEFINITIONS = (
					"DEBUG=1",
					"$(inherited)",
				);
				GCC_WARN_64_TO_32_BIT_CONVERSION = YES;
				GCC_WARN_ABOUT_RETURN_TYPE = YES_ERROR;
				GCC_WARN_UNDECLARED_SELECTOR = YES;
				GCC_WARN_UNINITIALIZED_AUTOS = YES_AGGRESSIVE;
				GCC_WARN_UNUSED_FUNCTION = YES;
				GCC_WARN_UNUSED_VARIABLE = YES;
				IPHONEOS_DEPLOYMENT_TARGET = 9.3;
				MTL_ENABLE_DEBUG_INFO = YES;
				ONLY_ACTIVE_ARCH = YES;
				SDKROOT = iphoneos;
				TARGETED_DEVICE_FAMILY = "1,2";
			};
			name = Debug;
		};
		22F98EA81CD20AEF003CD62D /* Release */ = {
			isa = XCBuildConfiguration;
			buildSettings = {
				ALWAYS_SEARCH_USER_PATHS = NO;
				CLANG_ANALYZER_NONNULL = YES;
				CLANG_CXX_LANGUAGE_STANDARD = "gnu++0x";
				CLANG_CXX_LIBRARY = "libc++";
				CLANG_ENABLE_MODULES = YES;
				CLANG_ENABLE_OBJC_ARC = YES;
				CLANG_WARN_BOOL_CONVERSION = YES;
				CLANG_WARN_CONSTANT_CONVERSION = YES;
				CLANG_WARN_DIRECT_OBJC_ISA_USAGE = YES_ERROR;
				CLANG_WARN_EMPTY_BODY = YES;
				CLANG_WARN_ENUM_CONVERSION = YES;
				CLANG_WARN_INT_CONVERSION = YES;
				CLANG_WARN_OBJC_ROOT_CLASS = YES_ERROR;
				CLANG_WARN_UNREACHABLE_CODE = YES;
				CLANG_WARN__DUPLICATE_METHOD_MATCH = YES;
				"CODE_SIGN_IDENTITY[sdk=iphoneos*]" = "iPhone Developer";
				COPY_PHASE_STRIP = NO;
				DEBUG_INFORMATION_FORMAT = "dwarf-with-dsym";
				ENABLE_NS_ASSERTIONS = NO;
				ENABLE_STRICT_OBJC_MSGSEND = YES;
				GCC_C_LANGUAGE_STANDARD = gnu99;
				GCC_NO_COMMON_BLOCKS = YES;
				GCC_WARN_64_TO_32_BIT_CONVERSION = YES;
				GCC_WARN_ABOUT_RETURN_TYPE = YES_ERROR;
				GCC_WARN_UNDECLARED_SELECTOR = YES;
				GCC_WARN_UNINITIALIZED_AUTOS = YES_AGGRESSIVE;
				GCC_WARN_UNUSED_FUNCTION = YES;
				GCC_WARN_UNUSED_VARIABLE = YES;
				IPHONEOS_DEPLOYMENT_TARGET = 9.3;
				MTL_ENABLE_DEBUG_INFO = NO;
				SDKROOT = iphoneos;
				TARGETED_DEVICE_FAMILY = "1,2";
				VALIDATE_PRODUCT = YES;
			};
			name = Release;
		};
		22F98EAA1CD20AEF003CD62D /* Debug */ = {
			isa = XCBuildConfiguration;
			buildSettings = {
				ASSETCATALOG_COMPILER_APPICON_NAME = AppIcon;
				INFOPLIST_FILE = "UIScrollView无线轮播/Info.plist";
				LD_RUNPATH_SEARCH_PATHS = "$(inherited) @executable_path/Frameworks";
				PRODUCT_BUNDLE_IDENTIFIER = "lianshang.UIScrollView----";
				PRODUCT_NAME = "$(TARGET_NAME)";
			};
			name = Debug;
		};
		22F98EAB1CD20AEF003CD62D /* Release */ = {
			isa = XCBuildConfiguration;
			buildSettings = {
				ASSETCATALOG_COMPILER_APPICON_NAME = AppIcon;
				INFOPLIST_FILE = "UIScrollView无线轮播/Info.plist";
				LD_RUNPATH_SEARCH_PATHS = "$(inherited) @executable_path/Frameworks";
				PRODUCT_BUNDLE_IDENTIFIER = "lianshang.UIScrollView----";
				PRODUCT_NAME = "$(TARGET_NAME)";
			};
			name = Release;
		};
		22F98EAD1CD20AEF003CD62D /* Debug */ = {
			isa = XCBuildConfiguration;
			buildSettings = {
				BUNDLE_LOADER = "$(TEST_HOST)";
				INFOPLIST_FILE = "UIScrollView无线轮播Tests/Info.plist";
				LD_RUNPATH_SEARCH_PATHS = "$(inherited) @executable_path/Frameworks @loader_path/Frameworks";
				PRODUCT_BUNDLE_IDENTIFIER = "lianshang.UIScrollView----Tests";
				PRODUCT_NAME = "$(TARGET_NAME)";
				TEST_HOST = "$(BUILT_PRODUCTS_DIR)/UIScrollView无线轮播.app/UIScrollView无线轮播";
			};
			name = Debug;
		};
		22F98EAE1CD20AEF003CD62D /* Release */ = {
			isa = XCBuildConfiguration;
			buildSettings = {
				BUNDLE_LOADER = "$(TEST_HOST)";
				INFOPLIST_FILE = "UIScrollView无线轮播Tests/Info.plist";
				LD_RUNPATH_SEARCH_PATHS = "$(inherited) @executable_path/Frameworks @loader_path/Frameworks";
				PRODUCT_BUNDLE_IDENTIFIER = "lianshang.UIScrollView----Tests";
				PRODUCT_NAME = "$(TARGET_NAME)";
				TEST_HOST = "$(BUILT_PRODUCTS_DIR)/UIScrollView无线轮播.app/UIScrollView无线轮播";
			};
			name = Release;
		};
		22F98EB01CD20AEF003CD62D /* Debug */ = {
			isa = XCBuildConfiguration;
			buildSettings = {
				INFOPLIST_FILE = "UIScrollView无线轮播UITests/Info.plist";
				LD_RUNPATH_SEARCH_PATHS = "$(inherited) @executable_path/Frameworks @loader_path/Frameworks";
				PRODUCT_BUNDLE_IDENTIFIER = "lianshang.UIScrollView----UITests";
				PRODUCT_NAME = "$(TARGET_NAME)";
				TEST_TARGET_NAME = "UIScrollView无线轮播";
			};
			name = Debug;
		};
		22F98EB11CD20AEF003CD62D /* Release */ = {
			isa = XCBuildConfiguration;
			buildSettings = {
				INFOPLIST_FILE = "UIScrollView无线轮播UITests/Info.plist";
				LD_RUNPATH_SEARCH_PATHS = "$(inherited) @executable_path/Frameworks @loader_path/Frameworks";
				PRODUCT_BUNDLE_IDENTIFIER = "lianshang.UIScrollView----UITests";
				PRODUCT_NAME = "$(TARGET_NAME)";
				TEST_TARGET_NAME = "UIScrollView无线轮播";
			};
			name = Release;
		};
/* End XCBuildConfiguration section */

/* Begin XCConfigurationList section */
		22F98E771CD20AEF003CD62D /* Build configuration list for PBXProject "UIScrollView无线轮播" */ = {
			isa = XCConfigurationList;
			buildConfigurations = (
				22F98EA71CD20AEF003CD62D /* Debug */,
				22F98EA81CD20AEF003CD62D /* Release */,
			);
			defaultConfigurationIsVisible = 0;
			defaultConfigurationName = Release;
		};
		22F98EA91CD20AEF003CD62D /* Build configuration list for PBXNativeTarget "UIScrollView无线轮播" */ = {
			isa = XCConfigurationList;
			buildConfigurations = (
				22F98EAA1CD20AEF003CD62D /* Debug */,
				22F98EAB1CD20AEF003CD62D /* Release */,
			);
			defaultConfigurationIsVisible = 0;
			defaultConfigurationName = Release;
		};
		22F98EAC1CD20AEF003CD62D /* Build configuration list for PBXNativeTarget "UIScrollView无线轮播Tests" */ = {
			isa = XCConfigurationList;
			buildConfigurations = (
				22F98EAD1CD20AEF003CD62D /* Debug */,
				22F98EAE1CD20AEF003CD62D /* Release */,
			);
			defaultConfigurationIsVisible = 0;
			defaultConfigurationName = Release;
		};
		22F98EAF1CD20AEF003CD62D /* Build configuration list for PBXNativeTarget "UIScrollView无线轮播UITests" */ = {
			isa = XCConfigurationList;
			buildConfigurations = (
				22F98EB01CD20AEF003CD62D /* Debug */,
				22F98EB11CD20AEF003CD62D /* Release */,
			);
			defaultConfigurationIsVisible = 0;
			defaultConfigurationName = Release;
		};
/* End XCConfigurationList section */
	};
	rootObject = 22F98E741CD20AEF003CD62D /* Project object */;
}
